// !$*UTF8*$!
{
	archiveVersion = 1;
	classes = {
	};
	objectVersion = 48;
	objects = {

/* Begin PBXBuildFile section */
		A273D8C41D600D91636E8890 /* Pods_pixel_city.framework in Frameworks */ = {isa = PBXBuildFile; fileRef = 6080F35D11D27A9A0A03BDEB /* Pods_pixel_city.framework */; };
		C9063046201542F700347891 /* PhotoCell.swift in Sources */ = {isa = PBXBuildFile; fileRef = C9063045201542F700347891 /* PhotoCell.swift */; };
		C906304820154A4E00347891 /* PopVC.swift in Sources */ = {isa = PBXBuildFile; fileRef = C906304720154A4E00347891 /* PopVC.swift */; };
		C906304A2016107700347891 /* Constants.swift in Sources */ = {isa = PBXBuildFile; fileRef = C90630492016107700347891 /* Constants.swift */; };
		C95B907420115CCB007F3864 /* MapKit.framework in Frameworks */ = {isa = PBXBuildFile; fileRef = C95B907320115CCB007F3864 /* MapKit.framework */; };
		C9F127FF200F8579008BC526 /* DroppablePin.swift in Sources */ = {isa = PBXBuildFile; fileRef = C9F127FE200F8579008BC526 /* DroppablePin.swift */; };
		C9F3763E200D363F003A448C /* AppDelegate.swift in Sources */ = {isa = PBXBuildFile; fileRef = C9F3763D200D363F003A448C /* AppDelegate.swift */; };
		C9F37640200D363F003A448C /* MapVC.swift in Sources */ = {isa = PBXBuildFile; fileRef = C9F3763F200D363F003A448C /* MapVC.swift */; };
		C9F37643200D363F003A448C /* Main.storyboard in Resources */ = {isa = PBXBuildFile; fileRef = C9F37641200D363F003A448C /* Main.storyboard */; };
		C9F37645200D363F003A448C /* Assets.xcassets in Resources */ = {isa = PBXBuildFile; fileRef = C9F37644200D363F003A448C /* Assets.xcassets */; };
		C9F37648200D363F003A448C /* LaunchScreen.storyboard in Resources */ = {isa = PBXBuildFile; fileRef = C9F37646200D363F003A448C /* LaunchScreen.storyboard */; };
/* End PBXBuildFile section */

/* Begin PBXFileReference section */
		206DEAA8FEACE25F54DD4F92 /* Pods-pixel-city.debug.xcconfig */ = {isa = PBXFileReference; includeInIndex = 1; lastKnownFileType = text.xcconfig; name = "Pods-pixel-city.debug.xcconfig"; path = "Pods/Target Support Files/Pods-pixel-city/Pods-pixel-city.debug.xcconfig"; sourceTree = "<group>"; };
		51387EA338888A53406A402E /* Pods-pixel-city.release.xcconfig */ = {isa = PBXFileReference; includeInIndex = 1; lastKnownFileType = text.xcconfig; name = "Pods-pixel-city.release.xcconfig"; path = "Pods/Target Support Files/Pods-pixel-city/Pods-pixel-city.release.xcconfig"; sourceTree = "<group>"; };
		6080F35D11D27A9A0A03BDEB /* Pods_pixel_city.framework */ = {isa = PBXFileReference; explicitFileType = wrapper.framework; includeInIndex = 0; path = Pods_pixel_city.framework; sourceTree = BUILT_PRODUCTS_DIR; };
		C9063045201542F700347891 /* PhotoCell.swift */ = {isa = PBXFileReference; lastKnownFileType = sourcecode.swift; path = PhotoCell.swift; sourceTree = "<group>"; };
		C906304720154A4E00347891 /* PopVC.swift */ = {isa = PBXFileReference; lastKnownFileType = sourcecode.swift; path = PopVC.swift; sourceTree = "<group>"; };
		C90630492016107700347891 /* Constants.swift */ = {isa = PBXFileReference; lastKnownFileType = sourcecode.swift; path = Constants.swift; sourceTree = "<group>"; };
		C95B907320115CCB007F3864 /* MapKit.framework */ = {isa = PBXFileReference; lastKnownFileType = wrapper.framework; name = MapKit.framework; path = System/Library/Frameworks/MapKit.framework; sourceTree = SDKROOT; };
		C9F127FE200F8579008BC526 /* DroppablePin.swift */ = {isa = PBXFileReference; lastKnownFileType = sourcecode.swift; path = DroppablePin.swift; sourceTree = "<group>"; };
		C9F3763A200D363F003A448C /* pixel-city.app */ = {isa = PBXFileReference; explicitFileType = wrapper.application; includeInIndex = 0; path = "pixel-city.app"; sourceTree = BUILT_PRODUCTS_DIR; };
		C9F3763D200D363F003A448C /* AppDelegate.swift */ = {isa = PBXFileReference; lastKnownFileType = sourcecode.swift; path = AppDelegate.swift; sourceTree = "<group>"; };
		C9F3763F200D363F003A448C /* MapVC.swift */ = {isa = PBXFileReference; lastKnownFileType = sourcecode.swift; path = MapVC.swift; sourceTree = "<group>"; };
		C9F37642200D363F003A448C /* Base */ = {isa = PBXFileReference; lastKnownFileType = file.storyboard; name = Base; path = Base.lproj/Main.storyboard; sourceTree = "<group>"; };
		C9F37644200D363F003A448C /* Assets.xcassets */ = {isa = PBXFileReference; lastKnownFileType = folder.assetcatalog; path = Assets.xcassets; sourceTree = "<group>"; };
		C9F37647200D363F003A448C /* Base */ = {isa = PBXFileReference; lastKnownFileType = file.storyboard; name = Base; path = Base.lproj/LaunchScreen.storyboard; sourceTree = "<group>"; };
		C9F37649200D363F003A448C /* Info.plist */ = {isa = PBXFileReference; lastKnownFileType = text.plist.xml; path = Info.plist; sourceTree = "<group>"; };
/* End PBXFileReference section */

/* Begin PBXFrameworksBuildPhase section */
		C9F37637200D363F003A448C /* Frameworks */ = {
			isa = PBXFrameworksBuildPhase;
			buildActionMask = 2147483647;
			files = (
				C95B907420115CCB007F3864 /* MapKit.framework in Frameworks */,
				A273D8C41D600D91636E8890 /* Pods_pixel_city.framework in Frameworks */,
			);
			runOnlyForDeploymentPostprocessing = 0;
		};
/* End PBXFrameworksBuildPhase section */

/* Begin PBXGroup section */
		3A03FDC55BE88D860C9FA103 /* Pods */ = {
			isa = PBXGroup;
			children = (
				206DEAA8FEACE25F54DD4F92 /* Pods-pixel-city.debug.xcconfig */,
				51387EA338888A53406A402E /* Pods-pixel-city.release.xcconfig */,
			);
			name = Pods;
			sourceTree = "<group>";
		};
		C9F127FD200F8535008BC526 /* View */ = {
			isa = PBXGroup;
			children = (
				C9063045201542F700347891 /* PhotoCell.swift */,
				C9F127FE200F8579008BC526 /* DroppablePin.swift */,
			);
			path = View;
			sourceTree = "<group>";
		};
		C9F37631200D363F003A448C = {
			isa = PBXGroup;
			children = (
				C9F3763C200D363F003A448C /* pixel-city */,
				C9F3763B200D363F003A448C /* Products */,
				3A03FDC55BE88D860C9FA103 /* Pods */,
				F80B4093D77D1D65410042F0 /* Frameworks */,
			);
			sourceTree = "<group>";
		};
		C9F3763B200D363F003A448C /* Products */ = {
			isa = PBXGroup;
			children = (
				C9F3763A200D363F003A448C /* pixel-city.app */,
			);
			name = Products;
			sourceTree = "<group>";
		};
		C9F3763C200D363F003A448C /* pixel-city */ = {
			isa = PBXGroup;
			children = (
				C9F37650200D38AE003A448C /* Utilities */,
				C9F127FD200F8535008BC526 /* View */,
				C9F3764F200D38A5003A448C /* Controller */,
				C9F3763D200D363F003A448C /* AppDelegate.swift */,
				C9F3763F200D363F003A448C /* MapVC.swift */,
				C9F37641200D363F003A448C /* Main.storyboard */,
				C9F37644200D363F003A448C /* Assets.xcassets */,
				C9F37646200D363F003A448C /* LaunchScreen.storyboard */,
				C9F37649200D363F003A448C /* Info.plist */,
			);
			path = "pixel-city";
			sourceTree = "<group>";
		};
		C9F3764F200D38A5003A448C /* Controller */ = {
			isa = PBXGroup;
			children = (
				C906304720154A4E00347891 /* PopVC.swift */,
			);
			path = Controller;
			sourceTree = "<group>";
		};
		C9F37650200D38AE003A448C /* Utilities */ = {
			isa = PBXGroup;
			children = (
				C90630492016107700347891 /* Constants.swift */,
			);
			path = Utilities;
			sourceTree = "<group>";
		};
		F80B4093D77D1D65410042F0 /* Frameworks */ = {
			isa = PBXGroup;
			children = (
				C95B907320115CCB007F3864 /* MapKit.framework */,
				6080F35D11D27A9A0A03BDEB /* Pods_pixel_city.framework */,
			);
			name = Frameworks;
			sourceTree = "<group>";
		};
/* End PBXGroup section */

/* Begin PBXNativeTarget section */
		C9F37639200D363F003A448C /* pixel-city */ = {
			isa = PBXNativeTarget;
			buildConfigurationList = C9F3764C200D363F003A448C /* Build configuration list for PBXNativeTarget "pixel-city" */;
			buildPhases = (
				632DB2E71C49075771A5BA5F /* [CP] Check Pods Manifest.lock */,
				C9F37636200D363F003A448C /* Sources */,
				C9F37637200D363F003A448C /* Frameworks */,
				C9F37638200D363F003A448C /* Resources */,
				ACDF7232027C21D92E0364BD /* [CP] Embed Pods Frameworks */,
				F2557904883BC9110BEEA329 /* [CP] Copy Pods Resources */,
			);
			buildRules = (
			);
			dependencies = (
			);
			name = "pixel-city";
			productName = "pixel-city";
			productReference = C9F3763A200D363F003A448C /* pixel-city.app */;
			productType = "com.apple.product-type.application";
		};
/* End PBXNativeTarget section */

/* Begin PBXProject section */
		C9F37632200D363F003A448C /* Project object */ = {
			isa = PBXProject;
			attributes = {
				LastSwiftUpdateCheck = 0920;
				LastUpgradeCheck = 0920;
				ORGANIZATIONNAME = "Matt Osak";
				TargetAttributes = {
					C9F37639200D363F003A448C = {
						CreatedOnToolsVersion = 9.2;
						ProvisioningStyle = Automatic;
						SystemCapabilities = {
							com.apple.Maps.iOS = {
								enabled = 1;
							};
						};
					};
				};
			};
			buildConfigurationList = C9F37635200D363F003A448C /* Build configuration list for PBXProject "pixel-city" */;
			compatibilityVersion = "Xcode 8.0";
			developmentRegion = en;
			hasScannedForEncodings = 0;
			knownRegions = (
				en,
				Base,
			);
			mainGroup = C9F37631200D363F003A448C;
			productRefGroup = C9F3763B200D363F003A448C /* Products */;
			projectDirPath = "";
			projectRoot = "";
			targets = (
				C9F37639200D363F003A448C /* pixel-city */,
			);
		};
/* End PBXProject section */

/* Begin PBXResourcesBuildPhase section */
		C9F37638200D363F003A448C /* Resources */ = {
			isa = PBXResourcesBuildPhase;
			buildActionMask = 2147483647;
			files = (
				C9F37648200D363F003A448C /* LaunchScreen.storyboard in Resources */,
				C9F37645200D363F003A448C /* Assets.xcassets in Resources */,
				C9F37643200D363F003A448C /* Main.storyboard in Resources */,
			);
			runOnlyForDeploymentPostprocessing = 0;
		};
/* End PBXResourcesBuildPhase section */

/* Begin PBXShellScriptBuildPhase section */
		632DB2E71C49075771A5BA5F /* [CP] Check Pods Manifest.lock */ = {
			isa = PBXShellScriptBuildPhase;
			buildActionMask = 2147483647;
			files = (
			);
			inputPaths = (
				"${PODS_PODFILE_DIR_PATH}/Podfile.lock",
				"${PODS_ROOT}/Manifest.lock",
			);
			name = "[CP] Check Pods Manifest.lock";
			outputPaths = (
				"$(DERIVED_FILE_DIR)/Pods-pixel-city-checkManifestLockResult.txt",
			);
			runOnlyForDeploymentPostprocessing = 0;
			shellPath = /bin/sh;
			shellScript = "diff \"${PODS_PODFILE_DIR_PATH}/Podfile.lock\" \"${PODS_ROOT}/Manifest.lock\" > /dev/null\nif [ $? != 0 ] ; then\n    # print error to STDERR\n    echo \"error: The sandbox is not in sync with the Podfile.lock. Run 'pod install' or update your CocoaPods installation.\" >&2\n    exit 1\nfi\n# This output is used by Xcode 'outputs' to avoid re-running this script phase.\necho \"SUCCESS\" > \"${SCRIPT_OUTPUT_FILE_0}\"\n";
			showEnvVarsInLog = 0;
		};
		ACDF7232027C21D92E0364BD /* [CP] Embed Pods Frameworks */ = {
			isa = PBXShellScriptBuildPhase;
			buildActionMask = 2147483647;
			files = (
			);
			inputPaths = (
				"${SRCROOT}/Pods/Target Support Files/Pods-pixel-city/Pods-pixel-city-frameworks.sh",
				"${BUILT_PRODUCTS_DIR}/Alamofire/Alamofire.framework",
				"${BUILT_PRODUCTS_DIR}/AlamofireImage/AlamofireImage.framework",
			);
			name = "[CP] Embed Pods Frameworks";
			outputPaths = (
				"${TARGET_BUILD_DIR}/${FRAMEWORKS_FOLDER_PATH}/Alamofire.framework",
				"${TARGET_BUILD_DIR}/${FRAMEWORKS_FOLDER_PATH}/AlamofireImage.framework",
			);
			runOnlyForDeploymentPostprocessing = 0;
			shellPath = /bin/sh;
			shellScript = "\"${SRCROOT}/Pods/Target Support Files/Pods-pixel-city/Pods-pixel-city-frameworks.sh\"\n";
			showEnvVarsInLog = 0;
		};
		F2557904883BC9110BEEA329 /* [CP] Copy Pods Resources */ = {
			isa = PBXShellScriptBuildPhase;
			buildActionMask = 2147483647;
			files = (
			);
			inputPaths = (
			);
			name = "[CP] Copy Pods Resources";
			outputPaths = (
			);
			runOnlyForDeploymentPostprocessing = 0;
			shellPath = /bin/sh;
			shellScript = "\"${SRCROOT}/Pods/Target Support Files/Pods-pixel-city/Pods-pixel-city-resources.sh\"\n";
			showEnvVarsInLog = 0;
		};
/* End PBXShellScriptBuildPhase section */

/* Begin PBXSourcesBuildPhase section */
		C9F37636200D363F003A448C /* Sources */ = {
			isa = PBXSourcesBuildPhase;
			buildActionMask = 2147483647;
			files = (
				C9063046201542F700347891 /* PhotoCell.swift in Sources */,
				C9F37640200D363F003A448C /* MapVC.swift in Sources */,
				C9F127FF200F8579008BC526 /* DroppablePin.swift in Sources */,
				C906304820154A4E00347891 /* PopVC.swift in Sources */,
				C9F3763E200D363F003A448C /* AppDelegate.swift in Sources */,
				C906304A2016107700347891 /* Constants.swift in Sources */,
			);
			runOnlyForDeploymentPostprocessing = 0;
		};
/* End PBXSourcesBuildPhase section */

/* Begin PBXVariantGroup section */
		C9F37641200D363F003A448C /* Main.storyboard */ = {
			isa = PBXVariantGroup;
			children = (
				C9F37642200D363F003A448C /* Base */,
			);
			name = Main.storyboard;
			sourceTree = "<group>";
		};
		C9F37646200D363F003A448C /* LaunchScreen.storyboard */ = {
			isa = PBXVariantGroup;
			children = (
				C9F37647200D363F003A448C /* Base */,
			);
			name = LaunchScreen.storyboard;
			sourceTree = "<group>";
		};
/* End PBXVariantGroup section */

/* Begin XCBuildConfiguration section */
		C9F3764A200D363F003A448C /* Debug */ = {
			isa = XCBuildConfiguration;
			buildSettings = {
				ALWAYS_SEARCH_USER_PATHS = NO;
				CLANG_ANALYZER_NONNULL = YES;
				CLANG_ANALYZER_NUMBER_OBJECT_CONVERSION = YES_AGGRESSIVE;
				CLANG_CXX_LANGUAGE_STANDARD = "gnu++14";
				CLANG_CXX_LIBRARY = "libc++";
				CLANG_ENABLE_MODULES = YES;
				CLANG_ENABLE_OBJC_ARC = YES;
				CLANG_WARN_BLOCK_CAPTURE_AUTORELEASING = YES;
				CLANG_WARN_BOOL_CONVERSION = YES;
				CLANG_WARN_COMMA = YES;
				CLANG_WARN_CONSTANT_CONVERSION = YES;
				CLANG_WARN_DIRECT_OBJC_ISA_USAGE = YES_ERROR;
				CLANG_WARN_DOCUMENTATION_COMMENTS = YES;
				CLANG_WARN_EMPTY_BODY = YES;
				CLANG_WARN_ENUM_CONVERSION = YES;
				CLANG_WARN_INFINITE_RECURSION = YES;
				CLANG_WARN_INT_CONVERSION = YES;
				CLANG_WARN_NON_LITERAL_NULL_CONVERSION = YES;
				CLANG_WARN_OBJC_LITERAL_CONVERSION = YES;
				CLANG_WARN_OBJC_ROOT_CLASS = YES_ERROR;
				CLANG_WARN_RANGE_LOOP_ANALYSIS = YES;
				CLANG_WARN_STRICT_PROTOTYPES = YES;
				CLANG_WARN_SUSPICIOUS_MOVE = YES;
				CLANG_WARN_UNGUARDED_AVAILABILITY = YES_AGGRESSIVE;
				CLANG_WARN_UNREACHABLE_CODE = YES;
				CLANG_WARN__DUPLICATE_METHOD_MATCH = YES;
				CODE_SIGN_IDENTITY = "iPhone Developer";
				COPY_PHASE_STRIP = NO;
				DEBUG_INFORMATION_FORMAT = dwarf;
				ENABLE_STRICT_OBJC_MSGSEND = YES;
				ENABLE_TESTABILITY = YES;
				GCC_C_LANGUAGE_STANDARD = gnu11;
				GCC_DYNAMIC_NO_PIC = NO;
				GCC_NO_COMMON_BLOCKS = YES;
				GCC_OPTIMIZATION_LEVEL = 0;
				GCC_PREPROCESSOR_DEFINITIONS = (
					"DEBUG=1",
					"$(inherited)",
				);
				GCC_WARN_64_TO_32_BIT_CONVERSION = YES;
				GCC_WARN_ABOUT_RETURN_TYPE = YES_ERROR;
				GCC_WARN_UNDECLARED_SELECTOR = YES;
				GCC_WARN_UNINITIALIZED_AUTOS = YES_AGGRESSIVE;
				GCC_WARN_UNUSED_FUNCTION = YES;
				GCC_WARN_UNUSED_VARIABLE = YES;
				IPHONEOS_DEPLOYMENT_TARGET = 11.2;
				MTL_ENABLE_DEBUG_INFO = YES;
				ONLY_ACTIVE_ARCH = YES;
				SDKROOT = iphoneos;
				SWIFT_ACTIVE_COMPILATION_CONDITIONS = DEBUG;
				SWIFT_OPTIMIZATION_LEVEL = "-Onone";
			};
			name = Debug;
		};
		C9F3764B200D363F003A448C /* Release */ = {
			isa = XCBuildConfiguration;
			buildSettings = {
				ALWAYS_SEARCH_USER_PATHS = NO;
				CLANG_ANALYZER_NONNULL = YES;
				CLANG_ANALYZER_NUMBER_OBJECT_CONVERSION = YES_AGGRESSIVE;
				CLANG_CXX_LANGUAGE_STANDARD = "gnu++14";
				CLANG_CXX_LIBRARY = "libc++";
				CLANG_ENABLE_MODULES = YES;
				CLANG_ENABLE_OBJC_ARC = YES;
				CLANG_WARN_BLOCK_CAPTURE_AUTORELEASING = YES;
				CLANG_WARN_BOOL_CONVERSION = YES;
				CLANG_WARN_COMMA = YES;
				CLANG_WARN_CONSTANT_CONVERSION = YES;
				CLANG_WARN_DIRECT_OBJC_ISA_USAGE = YES_ERROR;
				CLANG_WARN_DOCUMENTATION_COMMENTS = YES;
				CLANG_WARN_EMPTY_BODY = YES;
				CLANG_WARN_ENUM_CONVERSION = YES;
				CLANG_WARN_INFINITE_RECURSION = YES;
				CLANG_WARN_INT_CONVERSION = YES;
				CLANG_WARN_NON_LITERAL_NULL_CONVERSION = YES;
				CLANG_WARN_OBJC_LITERAL_CONVERSION = YES;
				CLANG_WARN_OBJC_ROOT_CLASS = YES_ERROR;
				CLANG_WARN_RANGE_LOOP_ANALYSIS = YES;
				CLANG_WARN_STRICT_PROTOTYPES = YES;
				CLANG_WARN_SUSPICIOUS_MOVE = YES;
				CLANG_WARN_UNGUARDED_AVAILABILITY = YES_AGGRESSIVE;
				CLANG_WARN_UNREACHABLE_CODE = YES;
				CLANG_WARN__DUPLICATE_METHOD_MATCH = YES;
				CODE_SIGN_IDENTITY = "iPhone Developer";
				COPY_PHASE_STRIP = NO;
				DEBUG_INFORMATION_FORMAT = "dwarf-with-dsym";
				ENABLE_NS_ASSERTIONS = NO;
				ENABLE_STRICT_OBJC_MSGSEND = YES;
				GCC_C_LANGUAGE_STANDARD = gnu11;
				GCC_NO_COMMON_BLOCKS = YES;
				GCC_WARN_64_TO_32_BIT_CONVERSION = YES;
				GCC_WARN_ABOUT_RETURN_TYPE = YES_ERROR;
				GCC_WARN_UNDECLARED_SELECTOR = YES;
				GCC_WARN_UNINITIALIZED_AUTOS = YES_AGGRESSIVE;
				GCC_WARN_UNUSED_FUNCTION = YES;
				GCC_WARN_UNUSED_VARIABLE = YES;
				IPHONEOS_DEPLOYMENT_TARGET = 11.2;
				MTL_ENABLE_DEBUG_INFO = NO;
				SDKROOT = iphoneos;
				SWIFT_OPTIMIZATION_LEVEL = "-Owholemodule";
				VALIDATE_PRODUCT = YES;
			};
			name = Release;
		};
		C9F3764D200D363F003A448C /* Debug */ = {
			isa = XCBuildConfiguration;
			baseConfigurationReference = 206DEAA8FEACE25F54DD4F92 /* Pods-pixel-city.debug.xcconfig */;
			buildSettings = {
				ASSETCATALOG_COMPILER_APPICON_NAME = AppIcon;
				CODE_SIGN_STYLE = Automatic;
				DEVELOPMENT_TEAM = KH5Q4P7XM2;
				INFOPLIST_FILE = "pixel-city/Info.plist";
				LD_RUNPATH_SEARCH_PATHS = "$(inherited) @executable_path/Frameworks";
				PRODUCT_BUNDLE_IDENTIFIER = "com.mosapps.pixel-city";
				PRODUCT_NAME = "$(TARGET_NAME)";
				SWIFT_VERSION = 4.0;
				TARGETED_DEVICE_FAMILY = "1,2";
			};
			name = Debug;
		};
		C9F3764E200D363F003A448C /* Release */ = {
			isa = XCBuildConfiguration;
			baseConfigurationReference = 51387EA338888A53406A402E /* Pods-pixel-city.release.xcconfig */;
			buildSettings = {
				ASSETCATALOG_COMPILER_APPICON_NAME = AppIcon;
				CODE_SIGN_STYLE = Automatic;
				DEVELOPMENT_TEAM = KH5Q4P7XM2;
				INFOPLIST_FILE = "pixel-city/Info.plist";
				LD_RUNPATH_SEARCH_PATHS = "$(inherited) @executable_path/Frameworks";
				PRODUCT_BUNDLE_IDENTIFIER = "com.mosapps.pixel-city";
				PRODUCT_NAME = "$(TARGET_NAME)";
				SWIFT_VERSION = 4.0;
				TARGETED_DEVICE_FAMILY = "1,2";
			};
			name = Release;
		};
/* End XCBuildConfiguration section */

/* Begin XCConfigurationList section */
		C9F37635200D363F003A448C /* Build configuration list for PBXProject "pixel-city" */ = {
			isa = XCConfigurationList;
			buildConfigurations = (
				C9F3764A200D363F003A448C /* Debug */,
				C9F3764B200D363F003A448C /* Release */,
			);
			defaultConfigurationIsVisible = 0;
			defaultConfigurationName = Release;
		};
		C9F3764C200D363F003A448C /* Build configuration list for PBXNativeTarget "pixel-city" */ = {
			isa = XCConfigurationList;
			buildConfigurations = (
				C9F3764D200D363F003A448C /* Debug */,
				C9F3764E200D363F003A448C /* Release */,
			);
			defaultConfigurationIsVisible = 0;
			defaultConfigurationName = Release;
		};
/* End XCConfigurationList section */
	};
	rootObject = C9F37632200D363F003A448C /* Project object */;
}
